
Microsoft Visual Studio Solution File, Format Version 12.00
# Visual Studio Version 16
VisualStudioVersion = 16.0.29306.81
MinimumVisualStudioVersion = 10.0.40219.1
Project("{FAE04EC0-301F-11D3-BF4B-00C04F79EFBC}") = "STJ_OD", "STJ_OD.csproj", "{EAD96A99-5DDB-46E4-867F-35AF1BD1238E}"
EndProject
Global
	GlobalSection(SolutionConfigurationPlatforms) = preSolution
		Debug|Any CPU = Debug|Any CPU
		Release|Any CPU = Release|Any CPU
	EndGlobalSection
	GlobalSection(ProjectConfigurationPlatforms) = postSolution
		{EAD96A99-5DDB-46E4-867F-35AF1BD1238E}.Debug|Any CPU.ActiveCfg = Debug|Any CPU
		{EAD96A99-5DDB-46E4-867F-35AF1BD1238E}.Debug|Any CPU.Build.0 = Debug|Any CPU
		{EAD96A99-5DDB-46E4-867F-35AF1BD1238E}.Release|Any CPU.ActiveCfg = Release|Any CPU
		{EAD96A99-5DDB-46E4-867F-35AF1BD1238E}.Release|Any CPU.Build.0 = Release|Any CPU
	EndGlobalSection
	GlobalSection(SolutionProperties) = preSolution
		HideSolutionNode = FALSE
	EndGlobalSection
	GlobalSection(ExtensibilityGlobals) = postSolution
		SolutionGuid = {1FA70A92-5403-4699-8296-D74914D133AB}
	EndGlobalSection
EndGlobal
